
Microsoft Visual Studio Solution File, Format Version 12.00
# Visual Studio Version 16
VisualStudioVersion = 16.0.32901.82
MinimumVisualStudioVersion = 10.0.40219.1
Project("{FAE04EC0-301F-11D3-BF4B-00C04F79EFBC}") = "Game of Thrones", "Game of Thrones.csproj", "{7F6F3C07-633A-45E9-903F-30AE13E43AF6}"
EndProject
Global
	GlobalSection(SolutionConfigurationPlatforms) = preSolution
		Debug|Any CPU = Debug|Any CPU
		Release|Any CPU = Release|Any CPU
	EndGlobalSection
	GlobalSection(ProjectConfigurationPlatforms) = postSolution
		{7F6F3C07-633A-45E9-903F-30AE13E43AF6}.Debug|Any CPU.ActiveCfg = Debug|Any CPU
		{7F6F3C07-633A-45E9-903F-30AE13E43AF6}.Debug|Any CPU.Build.0 = Debug|Any CPU
		{7F6F3C07-633A-45E9-903F-30AE13E43AF6}.Release|Any CPU.ActiveCfg = Release|Any CPU
		{7F6F3C07-633A-45E9-903F-30AE13E43AF6}.Release|Any CPU.Build.0 = Release|Any CPU
	EndGlobalSection
	GlobalSection(SolutionProperties) = preSolution
		HideSolutionNode = FALSE
	EndGlobalSection
	GlobalSection(ExtensibilityGlobals) = postSolution
		SolutionGuid = {E4F23C4B-EBD0-4A85-8A9C-BA867EA281B6}
	EndGlobalSection
EndGlobal
